
Microsoft Visual Studio Solution File, Format Version 12.00
# Visual Studio Version 17
VisualStudioVersion = 17.3.32901.215
MinimumVisualStudioVersion = 10.0.40219.1
Project("{FAE04EC0-301F-11D3-BF4B-00C04F79EFBC}") = "OpeniT.PowerbiDashboardApp", "OpeniT.PowerbiDashboardApp.csproj", "{EE3EA315-D874-4DCB-B94C-DF4432039563}"
EndProject
Global
	GlobalSection(SolutionConfigurationPlatforms) = preSolution
		Debug|Any CPU = Debug|Any CPU
		Release|Any CPU = Release|Any CPU
	EndGlobalSection
	GlobalSection(ProjectConfigurationPlatforms) = postSolution
		{EE3EA315-D874-4DCB-B94C-DF4432039563}.Debug|Any CPU.ActiveCfg = Debug|Any CPU
		{EE3EA315-D874-4DCB-B94C-DF4432039563}.Debug|Any CPU.Build.0 = Debug|Any CPU
		{EE3EA315-D874-4DCB-B94C-DF4432039563}.Release|Any CPU.ActiveCfg = Release|Any CPU
		{EE3EA315-D874-4DCB-B94C-DF4432039563}.Release|Any CPU.Build.0 = Release|Any CPU
	EndGlobalSection
	GlobalSection(SolutionProperties) = preSolution
		HideSolutionNode = FALSE
	EndGlobalSection
	GlobalSection(ExtensibilityGlobals) = postSolution
		SolutionGuid = {59EF78FA-B9FB-4023-BF6E-A53D02D73C46}
	EndGlobalSection
EndGlobal
